
Microsoft Visual Studio Solution File, Format Version 12.00
# Visual Studio Version 17
Project("{8BC9CEB8-8B4A-11D0-8D11-00A0C91BC942}") = "ALL_BUILD", "ALL_BUILD.vcxproj", "{8D3E6A9D-B15B-3196-885B-9F6F1EB2FD8C}"
	ProjectSection(ProjectDependencies) = postProject
		{09F01947-D054-3B17-990D-6AFD5BC10C78} = {09F01947-D054-3B17-990D-6AFD5BC10C78}
		{140F87C1-4414-34B7-92B9-88CCC45ECC83} = {140F87C1-4414-34B7-92B9-88CCC45ECC83}
	EndProjectSection
EndProject
Project("{8BC9CEB8-8B4A-11D0-8D11-00A0C91BC942}") = "IgnoreListedErrors", "IgnoreListedErrors\IgnoreListedErrors.vcxproj", "{09F01947-D054-3B17-990D-6AFD5BC10C78}"
	ProjectSection(ProjectDependencies) = postProject
		{140F87C1-4414-34B7-92B9-88CCC45ECC83} = {140F87C1-4414-34B7-92B9-88CCC45ECC83}
	EndProjectSection
EndProject
Project("{8BC9CEB8-8B4A-11D0-8D11-00A0C91BC942}") = "ZERO_CHECK", "ZERO_CHECK.vcxproj", "{140F87C1-4414-34B7-92B9-88CCC45ECC83}"
	ProjectSection(ProjectDependencies) = postProject
	EndProjectSection
EndProject
Global
	GlobalSection(SolutionConfigurationPlatforms) = preSolution
		Debug|x64 = Debug|x64
		Release|x64 = Release|x64
		MinSizeRel|x64 = MinSizeRel|x64
		RelWithDebInfo|x64 = RelWithDebInfo|x64
	EndGlobalSection
	GlobalSection(ProjectConfigurationPlatforms) = postSolution
		{8D3E6A9D-B15B-3196-885B-9F6F1EB2FD8C}.Debug|x64.ActiveCfg = Debug|x64
		{8D3E6A9D-B15B-3196-885B-9F6F1EB2FD8C}.Release|x64.ActiveCfg = Release|x64
		{8D3E6A9D-B15B-3196-885B-9F6F1EB2FD8C}.MinSizeRel|x64.ActiveCfg = MinSizeRel|x64
		{8D3E6A9D-B15B-3196-885B-9F6F1EB2FD8C}.RelWithDebInfo|x64.ActiveCfg = RelWithDebInfo|x64
		{09F01947-D054-3B17-990D-6AFD5BC10C78}.Debug|x64.ActiveCfg = Debug|x64
		{09F01947-D054-3B17-990D-6AFD5BC10C78}.Debug|x64.Build.0 = Debug|x64
		{09F01947-D054-3B17-990D-6AFD5BC10C78}.Release|x64.ActiveCfg = Release|x64
		{09F01947-D054-3B17-990D-6AFD5BC10C78}.Release|x64.Build.0 = Release|x64
		{09F01947-D054-3B17-990D-6AFD5BC10C78}.MinSizeRel|x64.ActiveCfg = MinSizeRel|x64
		{09F01947-D054-3B17-990D-6AFD5BC10C78}.MinSizeRel|x64.Build.0 = MinSizeRel|x64
		{09F01947-D054-3B17-990D-6AFD5BC10C78}.RelWithDebInfo|x64.ActiveCfg = RelWithDebInfo|x64
		{09F01947-D054-3B17-990D-6AFD5BC10C78}.RelWithDebInfo|x64.Build.0 = RelWithDebInfo|x64
		{140F87C1-4414-34B7-92B9-88CCC45ECC83}.Debug|x64.ActiveCfg = Debug|x64
		{140F87C1-4414-34B7-92B9-88CCC45ECC83}.Debug|x64.Build.0 = Debug|x64
		{140F87C1-4414-34B7-92B9-88CCC45ECC83}.Release|x64.ActiveCfg = Release|x64
		{140F87C1-4414-34B7-92B9-88CCC45ECC83}.Release|x64.Build.0 = Release|x64
		{140F87C1-4414-34B7-92B9-88CCC45ECC83}.MinSizeRel|x64.ActiveCfg = MinSizeRel|x64
		{140F87C1-4414-34B7-92B9-88CCC45ECC83}.MinSizeRel|x64.Build.0 = MinSizeRel|x64
		{140F87C1-4414-34B7-92B9-88CCC45ECC83}.RelWithDebInfo|x64.ActiveCfg = RelWithDebInfo|x64
		{140F87C1-4414-34B7-92B9-88CCC45ECC83}.RelWithDebInfo|x64.Build.0 = RelWithDebInfo|x64
	EndGlobalSection
	GlobalSection(ExtensibilityGlobals) = postSolution
		SolutionGuid = {F51F6781-788B-3C45-A90A-E650031C7845}
	EndGlobalSection
	GlobalSection(ExtensibilityAddIns) = postSolution
	EndGlobalSection
EndGlobal
